dependencies:
- name: memcached
  repository: oci://registry-1.docker.io/bitnamicharts
  version: 7.5.2
- name: redis
  repository: oci://registry-1.docker.io/bitnamicharts
  version: 17.11.3
- name: kafka
  repository: oci://registry-1.docker.io/bitnamicharts
  version: 29.3.14
- name: clickhouse
  repository: https://sentry-kubernetes.github.io/charts
  version: 3.14.0
- name: zookeeper
  repository: oci://registry-1.docker.io/bitnamicharts
  version: 11.4.11
- name: rabbitmq
  repository: oci://registry-1.docker.io/bitnamicharts
  version: 11.16.2
- name: postgresql
  repository: oci://registry-1.docker.io/bitnamicharts
  version: 12.5.1
- name: nginx
  repository: oci://registry-1.docker.io/bitnamicharts
  version: 18.3.5
digest: sha256:cd2b1fe597abbb2129725e28ed8b6e19b02a5da181ed898158a84f0c7eda2f4d
generated: "2025-01-13T11:36:55.054773055Z"
